# This file was autogenerated by Stack.
# You should not edit this file by hand.
# For more information, please see the documentation at:
#   https://docs.haskellstack.org/en/stable/lock_files

packages:
- completed:
    name: rearrangements
    version: 0.1.0.0
    git: https://github.com/finnbar/rearrangements.git
    pantry-tree:
      size: 956
      sha256: 4a76a8a31d9c507ed04f83e5122db24dca39028ba8d6a66683644a0794ffd7b9
    commit: fa8a36d433dcfc60af98c79e19e37273ceafc65d
  original:
    git: https://github.com/finnbar/rearrangements.git
    commit: fa8a36d433dcfc60af98c79e19e37273ceafc65d
snapshots:
- completed:
    size: 587546
    url: https://raw.githubusercontent.com/commercialhaskell/stackage-snapshots/master/lts/18/10.yaml
    sha256: 88b4f81e162ba3adc230a9fcccc4d19ac116377656bab56c7382ca88598b257a
  original: lts-18.10
