# This file was autogenerated by Stack.
# You should not edit this file by hand.
# For more information, please see the documentation at:
#   https://docs.haskellstack.org/en/stable/lock_files

packages:
- completed:
    name: rearrangements
    version: 0.1.0.0
    git: https://github.com/finnbar/rearrangements.git
    pantry-tree:
      size: 957
      sha256: 63b83bb863edb876834458afdf67ecbe3b1a69a0b29571237e1dc832be944f74
    commit: 93dcf686ed76705d758b56451745436107338b91
  original:
    git: https://github.com/finnbar/rearrangements.git
    commit: 93dcf686ed76705d758b56451745436107338b91
snapshots:
- completed:
    size: 587546
    url: https://raw.githubusercontent.com/commercialhaskell/stackage-snapshots/master/lts/18/10.yaml
    sha256: 88b4f81e162ba3adc230a9fcccc4d19ac116377656bab56c7382ca88598b257a
  original: lts-18.10
