# This file was autogenerated by Stack.
# You should not edit this file by hand.
# For more information, please see the documentation at:
#   https://docs.haskellstack.org/en/stable/lock_files

packages:
- completed:
    name: rearrangements
    version: 0.1.0.0
    git: https://github.com/finnbar/rearrangements.git
    pantry-tree:
      size: 956
      sha256: d188091a037e15b782e03f4c33a5a5a5ee73838b30fee3e9838af62c3c89acb0
    commit: 39a3709d0ee83b5842ede61df7b6f66f7332810f
  original:
    git: https://github.com/finnbar/rearrangements.git
    commit: 39a3709d0ee83b5842ede61df7b6f66f7332810f
snapshots:
- completed:
    size: 587546
    url: https://raw.githubusercontent.com/commercialhaskell/stackage-snapshots/master/lts/18/10.yaml
    sha256: 88b4f81e162ba3adc230a9fcccc4d19ac116377656bab56c7382ca88598b257a
  original: lts-18.10
